{
  "lockfile-version": 1,
  "manifest": {
    "version": 1,
    "install": {
      "jq": {
        "pkg-path": "jq"
      },
      "nodejs_24": {
        "pkg-path": "nodejs_24"
      }
    },
    "vars": {
      "CLICOLOR": "1",
      "FLOX_DISABLE_METRICS": "true",
      "FLX_VERBOSE": "${FLOX_VERBOSE:-}"
    },
    "hook": {
      "on-activate": "[[ ! -z \"${FLX_VERBOSE}\" ]] && echo \"##################################################\";\n[[ ! -z \"${FLX_VERBOSE}\" ]] && echo \"########## FLOX ACTIVATE...\";\n\n#alias lss='ls -alshF --color=auto'\nlss () {\n    command ls -alshF --color=auto \"$@\"\n}\n\n# PWD=$(pwd);\n# [[ ! -z \"${FLX_VERBOSE}\" ]] && echo \"-----> PWD: ${PWD}\";\n# unset PWD\n\n#FLOX_ENV_PROJECT\n#_FLOX_ENV_LOG_DIR\n#FLOX_CACHE_DIR=\"$(dirname ${FLOX_ENV_CACHE})\"\n#FLOX_CACHE_DIR=\"$(realpath ${FLOX_ENV_CACHE})\"\nFLOX_CACHE_DIR=\"${FLOX_ENV_CACHE}\"\n[[ ! -z \"${FLX_VERBOSE}\" ]] && echo \"-----> FLOX_CACHE_DIR: ${FLOX_CACHE_DIR}\";\n\nif [[ ! -z \"${FLX_VERBOSE}\" ]]; then\n\necho \"=====> NODE VERSION: $(node --version)\";\nWHICH_NODE=$(which node);\necho \".....> NODE WHICH: ${WHICH_NODE}\";\nlss \"${WHICH_NODE}\";\nunset WHICH_NODE\n\necho \"=====> NPM VERSION (init): $(npm --version)\";\nWHICH_NPM=$(which npm);\necho \".....> NPM WHICH: ${WHICH_NPM}\";\nlss \"${WHICH_NPM}\";\nunset WHICH_NPM\n\necho \"-----> NPM CONFIG PREFIX (init): $(npm config get prefix)\";\necho \"-----> NPM_CONFIG_PREFIX (init): ${NPM_CONFIG_PREFIX}\";\n\necho \"-----> NPM CONFIG CACHE (init): $(npm config get cache)\"\necho \"-----> NPM_CONFIG_CACHE (init): ${NPM_CONFIG_CACHE}\";\n\nfi\n\n# envName=\"${_FLOX_ACTIVE_ENVIRONMENTS##:*}\";\n#echo \"${envName}\";\n#export NPM_CONFIG_PREFIX=\"/tmp/${envName}-npm\";\n\nexport NPM_CONFIG_PREFIX=\"${FLOX_CACHE_DIR}/NPM_PREFIX\";\n#### rm -rf \"$NPM_CONFIG_PREFIX\";\nmkdir -p \"$NPM_CONFIG_PREFIX\";\nif [[ ! -z \"${FLX_VERBOSE}\" ]]; then\necho \"-----> NPM CONFIG PREFIX: $(npm config get prefix)\";\necho \"-----> NPM_CONFIG_PREFIX: ${NPM_CONFIG_PREFIX}\";\nlss \"$NPM_CONFIG_PREFIX\";\nlss \"$NPM_CONFIG_PREFIX/bin\";\nlss \"$NPM_CONFIG_PREFIX/lib\";\nlss \"$NPM_CONFIG_PREFIX/lib/node_modules\";\nfi\n\nexport NPM_CONFIG_CACHE=\"${FLOX_CACHE_DIR}/NPM_CACHE\";\n#### rm -rf \"$NPM_CONFIG_CACHE\";\nmkdir -p \"$NPM_CONFIG_CACHE\";\nif [[ ! -z \"${FLX_VERBOSE}\" ]]; then\necho \"-----> NPM CONFIG CACHE: $(npm config get cache)\"\necho \"-----> NPM_CONFIG_CACHE: ${NPM_CONFIG_CACHE}\";\nlss \"$NPM_CONFIG_CACHE\";\nfi\n\nunset FLOX_CACHE_DIR\n\n[[ ! -z \"${FLX_VERBOSE}\" ]] && echo \"-----> NODE_PATH (init): ${NODE_PATH}\";\nexport NODE_PATH=\"$NPM_CONFIG_PREFIX/lib/node_modules${NODE_PATH:+:$NODE_PATH}\";\n[[ ! -z \"${FLX_VERBOSE}\" ]] && echo \"-----> NODE_PATH: ${NODE_PATH}\";\n\n#if [[ ! -v FLX_VERBOSE ]]; then\n## unset\n#npm install -g sfw --foreground-scripts\n#elif [[ -z \"${FLX_VERBOSE}\" ]]; then\n## empty\n#npm install -g sfw --foreground-scripts\n#else\n#npm install -g sfw --foreground-scripts 1>/dev/null\n#fi\nnpm install --ignore-scripts --foreground-scripts -g sfw\n\nexport PATH=\"$NPM_CONFIG_PREFIX/bin:$PATH\";\n[[ ! -z \"${FLX_VERBOSE}\" ]] && ls -alshFR --color=auto \"$NPM_CONFIG_PREFIX/lib/node_modules/sfw/.sfw-cache\"\n\n#if [[ ! -v FLX_VERBOSE ]]; then\n## unset\n#sfw npm install -g npm --foreground-scripts\n#sfw npm install -g npm-check-updates --foreground-scripts\n## sfw npm install -g @electron/asar --foreground-scripts\n#elif [[ -z \"${FLX_VERBOSE}\" ]]; then\n## empty\n#sfw npm install -g npm --foreground-scripts\n#sfw npm install -g npm-check-updates --foreground-scripts\n## sfw npm install -g @electron/asar --foreground-scripts\n#else\n#sfw npm install -g npm --foreground-scripts 1>/dev/null\n#sfw npm install -g npm-check-updates --foreground-scripts 1>/dev/null\n## sfw npm install -g @electron/asar --foreground-scripts 1>/dev/null\n#fi\nsfw npm install --ignore-scripts --foreground-scripts -g npm\nsfw npm install --ignore-scripts --foreground-scripts -g npm-check-updates\n# sfw npm install --ignore-scripts --foreground-scripts -g @electron/asar\n\n"
    },
    "profile": {
      "common": "[[ ! -z \"${FLX_VERBOSE}\" ]] && echo \"##################################################\";\n[[ ! -z \"${FLX_VERBOSE}\" ]] && echo \"########## FLOX PROFILE COMMON (${SHELL})...\";\n\nexport PATH=\"$NPM_CONFIG_PREFIX/bin:$PATH\";\n\n# This seems to help Zed fetch its LSP updates?\n#NIX_SSL_CERT_FILE=/nix/store/yn6p7yzysbx5scq4ap7iq1sf58463b82-nss-cacert-3.108/etc/ssl/certs/ca-bundle.crt\n#SSL_CERT_FILE=/nix/store/yn6p7yzysbx5scq4ap7iq1sf58463b82-nss-cacert-3.108/etc/ssl/certs/ca-bundle.crt\n#NODE_EXTRA_CA_CERTS=\"${SSL_CERT_FILE:-}\"\n\nalias lss='ls -alshF --color=auto'\nalias flx='flox activate'\nalias flxx='FLOX_VERBOSE=1 flox activate'\n\n# PWD=$(pwd);\n# [[ ! -z \"${FLX_VERBOSE}\" ]] && echo \"-----> PWD: ${PWD}\";\n# unset PWD\n\n[[ ! -z \"${FLX_VERBOSE}\" ]] && ls -alshFR --color=auto \"$NPM_CONFIG_PREFIX/lib/node_modules/sfw/.sfw-cache\"\n\nif [[ ! -z \"${FLX_VERBOSE}\" ]]; then\n\necho \"=====> NODE VERSION: $(node --version)\";\nWHICH_NODE=$(which node);\necho \".....> NODE WHICH: ${WHICH_NODE}\";\nlss \"${WHICH_NODE}\";\nunset WHICH_NODE\n\necho \"=====> NPM VERSION: $(npm --version)\";\nWHICH_NPM=$(which npm);\necho \".....> NPM WHICH: ${WHICH_NPM}\";\nlss \"${WHICH_NPM}\";\nunset WHICH_NPM\n\necho \"-----> NPM CONFIG PREFIX: $(npm config get prefix)\";\necho \"-----> NPM_CONFIG_PREFIX: ${NPM_CONFIG_PREFIX}\";\n\necho \"-----> NPM CONFIG CACHE: $(npm config get cache)\"\necho \"-----> NPM_CONFIG_CACHE: ${NPM_CONFIG_CACHE}\";\n\necho \"=====> NCU VERSION: $(ncu --version)\";\nWHICH_NCU=$(which ncu);\necho \".....> NCU WHICH: ${WHICH_NCU}\";\nlss \"${WHICH_NCU}\";\nunset WHICH_NCU\n\necho \"=====> ASAR VERSION: $(asar --version)\";\nWHICH_ASAR=$(which asar);\necho \".....> ASAR WHICH: ${WHICH_ASAR}\";\nlss \"${WHICH_ASAR}\";\nunset WHICH_ASAR\n\necho \"=====> GIT VERSION: $(git --version)\";\nWHICH_GIT=$(which git);\necho \".....> GIT WHICH: ${WHICH_GIT}\";\nlss \"${WHICH_GIT}\";\nunset WHICH_GIT\n\nENV=$(env);\necho \"-----> ENV: ${ENV}\";\necho \"||||||||||||||||||||||||||\";\n\necho \"-----> APPLEID: ${APPLEID}\";\necho \"-----> APPLEIDTEAM: ${APPLEIDTEAM}\";\necho \"-----> APPLEIDPASS: ${APPLEIDPASS}\";\necho \"-----> SKIP_NOTARIZE: ${SKIP_NOTARIZE}\";\necho \"-----> CSC_NAME: ${CSC_NAME}\";\n\necho \"-----> DEBUG: ${DEBUG}\";\n\necho \"-----> USER: ${USER}\";\necho \"-----> USERNAME: ${USERNAME}\";\n\necho \"-----> NODE_ENV: ${NODE_ENV}\";\n\necho \"-----> THORIUM_OPDS_CATALOGS_URL: ${THORIUM_OPDS_CATALOGS_URL}\";\necho \"-----> THORIUM_OPEN_DEVTOOLS: ${THORIUM_OPEN_DEVTOOLS}\";\necho \"-----> LCP_SKIP_LSD: ${LCP_SKIP_LSD}\";\necho \"-----> SKIP_CHECK_TYPESCRIPT: ${SKIP_CHECK_TYPESCRIPT}\";\necho \"-----> USE_LEGACY_TYPESCRIPT_LOADER: ${USE_LEGACY_TYPESCRIPT_LOADER}\";\necho \"-----> THORIUM_TELEMETRY_SECRET: ${THORIUM_TELEMETRY_SECRET}\";\necho \"-----> THORIUM_TELEMETRY_URL: ${THORIUM_TELEMETRY_URL}\";\necho \"-----> PACKAGING: ${PACKAGING}\";\necho \"-----> GITHUB_TOKEN_RELEASE_PUBLISH: ${GITHUB_TOKEN_RELEASE_PUBLISH}\";\necho \"-----> VSCODE_LAUNCH: ${VSCODE_LAUNCH}\";\necho \"-----> PORT_APP: ${PORT_APP}\";\necho \"-----> PORT_READER: ${PORT_READER}\";\necho \"-----> PORT_PDF_WEBVIEW: ${PORT_PDF_WEBVIEW}\";\n\ngit branch\ngit status\n\nfi\n"
    },
    "options": {
      "systems": [
        "aarch64-darwin",
        "aarch64-linux",
        "x86_64-darwin",
        "x86_64-linux"
      ]
    }
  },
  "packages": [
    {
      "attr_path": "jq",
      "broken": false,
      "derivation": "/nix/store/44r4r3dsjbhqmddw2vvxn9jra5sl12cq-jq-1.8.1.drv",
      "description": "Lightweight and flexible command-line JSON processor",
      "install_id": "jq",
      "license": "MIT",
      "locked_url": "https://github.com/flox/nixpkgs?rev=d6c71932130818840fc8fe9509cf50be8c64634f",
      "name": "jq-1.8.1",
      "pname": "jq",
      "rev": "d6c71932130818840fc8fe9509cf50be8c64634f",
      "rev_count": 942779,
      "rev_date": "2026-02-08T14:52:16Z",
      "scrape_date": "2026-02-09T04:38:44.182581Z",
      "stabilities": [
        "unstable"
      ],
      "unfree": false,
      "version": "1.8.1",
      "outputs_to_install": [
        "bin",
        "man"
      ],
      "outputs": {
        "bin": "/nix/store/qjs0qndyz1g97rsc1zp4cd692y5iph64-jq-1.8.1-bin",
        "dev": "/nix/store/bhryp10d5w5h9rsav5k9m9jb55z26bsl-jq-1.8.1-dev",
        "doc": "/nix/store/238sn0gg3i3i9v6kgx4g1k6b19frzy49-jq-1.8.1-doc",
        "man": "/nix/store/jlpyybc7pdh4gk17dc266d6a1szm7dk6-jq-1.8.1-man",
        "out": "/nix/store/n64h0247s3674kry90l6kszx06zyrgfn-jq-1.8.1"
      },
      "system": "aarch64-darwin",
      "group": "toplevel",
      "priority": 5
    },
    {
      "attr_path": "jq",
      "broken": false,
      "derivation": "/nix/store/gcqa6ab6iifng1rpfs5bb34nx9czg705-jq-1.8.1.drv",
      "description": "Lightweight and flexible command-line JSON processor",
      "install_id": "jq",
      "license": "MIT",
      "locked_url": "https://github.com/flox/nixpkgs?rev=d6c71932130818840fc8fe9509cf50be8c64634f",
      "name": "jq-1.8.1",
      "pname": "jq",
      "rev": "d6c71932130818840fc8fe9509cf50be8c64634f",
      "rev_count": 942779,
      "rev_date": "2026-02-08T14:52:16Z",
      "scrape_date": "2026-02-09T05:10:56.334390Z",
      "stabilities": [
        "unstable"
      ],
      "unfree": false,
      "version": "1.8.1",
      "outputs_to_install": [
        "bin",
        "bin",
        "man"
      ],
      "outputs": {
        "bin": "/nix/store/c1qm5fsn6qbl09xdjx649vifabypyywd-jq-1.8.1-bin",
        "dev": "/nix/store/2sy4y09ddbi64pbg4is078110z70jsdw-jq-1.8.1-dev",
        "doc": "/nix/store/vx81xggapqwdd2l64mmxrkbafih461jc-jq-1.8.1-doc",
        "man": "/nix/store/2pjwv0ab8nilrg1lvjazf9y9w6g6pk5y-jq-1.8.1-man",
        "out": "/nix/store/cfhajjz1k7gf31krbj18q9acb54xp5z9-jq-1.8.1"
      },
      "system": "aarch64-linux",
      "group": "toplevel",
      "priority": 5
    },
    {
      "attr_path": "jq",
      "broken": false,
      "derivation": "/nix/store/9bq94zr10wpaijpz606hwnkk08brv1md-jq-1.8.1.drv",
      "description": "Lightweight and flexible command-line JSON processor",
      "install_id": "jq",
      "license": "MIT",
      "locked_url": "https://github.com/flox/nixpkgs?rev=d6c71932130818840fc8fe9509cf50be8c64634f",
      "name": "jq-1.8.1",
      "pname": "jq",
      "rev": "d6c71932130818840fc8fe9509cf50be8c64634f",
      "rev_count": 942779,
      "rev_date": "2026-02-08T14:52:16Z",
      "scrape_date": "2026-02-09T05:44:29.639936Z",
      "stabilities": [
        "unstable"
      ],
      "unfree": false,
      "version": "1.8.1",
      "outputs_to_install": [
        "bin",
        "man"
      ],
      "outputs": {
        "bin": "/nix/store/51343hgchh7by4l8r1g244ma05ny3x0b-jq-1.8.1-bin",
        "dev": "/nix/store/pp2hrljvalrrwyxh7is69nnlmxb2m7lk-jq-1.8.1-dev",
        "doc": "/nix/store/h05xaf7fsasgp8cpyar2195cc8lbgih8-jq-1.8.1-doc",
        "man": "/nix/store/vx840ik1sj1h8fhqwa40aglvrgpa0r18-jq-1.8.1-man",
        "out": "/nix/store/bmg2xfw86wavg7fm062nyf6v48xzxh0j-jq-1.8.1"
      },
      "system": "x86_64-darwin",
      "group": "toplevel",
      "priority": 5
    },
    {
      "attr_path": "jq",
      "broken": false,
      "derivation": "/nix/store/ni2zx8nd9ja3ar6ar568r8l4wy80knn2-jq-1.8.1.drv",
      "description": "Lightweight and flexible command-line JSON processor",
      "install_id": "jq",
      "license": "MIT",
      "locked_url": "https://github.com/flox/nixpkgs?rev=d6c71932130818840fc8fe9509cf50be8c64634f",
      "name": "jq-1.8.1",
      "pname": "jq",
      "rev": "d6c71932130818840fc8fe9509cf50be8c64634f",
      "rev_count": 942779,
      "rev_date": "2026-02-08T14:52:16Z",
      "scrape_date": "2026-02-09T06:20:37.719932Z",
      "stabilities": [
        "unstable"
      ],
      "unfree": false,
      "version": "1.8.1",
      "outputs_to_install": [
        "bin",
        "bin",
        "man"
      ],
      "outputs": {
        "bin": "/nix/store/qnaw7i777j52fpgbl5pgmzkq85znp083-jq-1.8.1-bin",
        "dev": "/nix/store/d73i1fvhrqms0sbfrvqaynsr8iva216v-jq-1.8.1-dev",
        "doc": "/nix/store/3ynrp4ypwv1g1jgsk638443p8lpd9g8f-jq-1.8.1-doc",
        "man": "/nix/store/6mh88qsh57ivh31c5nqxc43n0hv9xhbk-jq-1.8.1-man",
        "out": "/nix/store/fgsvqffyvcpjqs093wwf2d6dzxnmnqnv-jq-1.8.1"
      },
      "system": "x86_64-linux",
      "group": "toplevel",
      "priority": 5
    },
    {
      "attr_path": "nodejs_24",
      "broken": false,
      "derivation": "/nix/store/0jp24w00c62cysdikz38xrnmxwzv0q4r-nodejs-24.13.0.drv",
      "description": "Event-driven I/O framework for the V8 JavaScript engine",
      "install_id": "nodejs_24",
      "license": "MIT",
      "locked_url": "https://github.com/flox/nixpkgs?rev=d6c71932130818840fc8fe9509cf50be8c64634f",
      "name": "nodejs-24.13.0",
      "pname": "nodejs_24",
      "rev": "d6c71932130818840fc8fe9509cf50be8c64634f",
      "rev_count": 942779,
      "rev_date": "2026-02-08T14:52:16Z",
      "scrape_date": "2026-02-09T04:38:52.160996Z",
      "stabilities": [
        "unstable"
      ],
      "unfree": false,
      "version": "24.13.0",
      "outputs_to_install": [
        "out",
        "out"
      ],
      "outputs": {
        "dev": "/nix/store/ywm49y8ncwny2nr0wvs6vmaxqjiqg523-nodejs-24.13.0-dev",
        "libv8": "/nix/store/67xyvmmgkisc7mr16wbpyjq2fqyz44af-nodejs-24.13.0-libv8",
        "out": "/nix/store/szvl8aalaplzshakdpyq8l5yq8q1bw66-nodejs-24.13.0"
      },
      "system": "aarch64-darwin",
      "group": "toplevel",
      "priority": 5
    },
    {
      "attr_path": "nodejs_24",
      "broken": false,
      "derivation": "/nix/store/l64r4vxgdpi0jxp27mvr9sj2c2mq2cys-nodejs-24.13.0.drv",
      "description": "Event-driven I/O framework for the V8 JavaScript engine",
      "install_id": "nodejs_24",
      "license": "MIT",
      "locked_url": "https://github.com/flox/nixpkgs?rev=d6c71932130818840fc8fe9509cf50be8c64634f",
      "name": "nodejs-24.13.0",
      "pname": "nodejs_24",
      "rev": "d6c71932130818840fc8fe9509cf50be8c64634f",
      "rev_count": 942779,
      "rev_date": "2026-02-08T14:52:16Z",
      "scrape_date": "2026-02-09T05:11:13.043207Z",
      "stabilities": [
        "unstable"
      ],
      "unfree": false,
      "version": "24.13.0",
      "outputs_to_install": [
        "out"
      ],
      "outputs": {
        "dev": "/nix/store/qk4n3r5bvqzvpaq1qbpwwf47zg51wrhq-nodejs-24.13.0-dev",
        "libv8": "/nix/store/rh9dg0mdq0hnp4cbdy4zdbmy6hnhxcfh-nodejs-24.13.0-libv8",
        "out": "/nix/store/rpyb0275h916mxx8a0cm7yavm4qbr4j9-nodejs-24.13.0"
      },
      "system": "aarch64-linux",
      "group": "toplevel",
      "priority": 5
    },
    {
      "attr_path": "nodejs_24",
      "broken": false,
      "derivation": "/nix/store/xgryfaiwfymf8ndij80ssly7q2kdq8y1-nodejs-24.13.0.drv",
      "description": "Event-driven I/O framework for the V8 JavaScript engine",
      "install_id": "nodejs_24",
      "license": "MIT",
      "locked_url": "https://github.com/flox/nixpkgs?rev=d6c71932130818840fc8fe9509cf50be8c64634f",
      "name": "nodejs-24.13.0",
      "pname": "nodejs_24",
      "rev": "d6c71932130818840fc8fe9509cf50be8c64634f",
      "rev_count": 942779,
      "rev_date": "2026-02-08T14:52:16Z",
      "scrape_date": "2026-02-09T05:44:37.508733Z",
      "stabilities": [
        "unstable"
      ],
      "unfree": false,
      "version": "24.13.0",
      "outputs_to_install": [
        "out"
      ],
      "outputs": {
        "dev": "/nix/store/rp55bch0hqxynmxnh7q5bs586kp0dib6-nodejs-24.13.0-dev",
        "libv8": "/nix/store/dvl504xzwklpfjngdnn6kcpriklwsf6l-nodejs-24.13.0-libv8",
        "out": "/nix/store/xhp1pnnq7hski7hwg36vw7kpxmg56khh-nodejs-24.13.0"
      },
      "system": "x86_64-darwin",
      "group": "toplevel",
      "priority": 5
    },
    {
      "attr_path": "nodejs_24",
      "broken": false,
      "derivation": "/nix/store/qk40027pvikybl0lvr1wmia9n8ljf99c-nodejs-24.13.0.drv",
      "description": "Event-driven I/O framework for the V8 JavaScript engine",
      "install_id": "nodejs_24",
      "license": "MIT",
      "locked_url": "https://github.com/flox/nixpkgs?rev=d6c71932130818840fc8fe9509cf50be8c64634f",
      "name": "nodejs-24.13.0",
      "pname": "nodejs_24",
      "rev": "d6c71932130818840fc8fe9509cf50be8c64634f",
      "rev_count": 942779,
      "rev_date": "2026-02-08T14:52:16Z",
      "scrape_date": "2026-02-09T06:20:55.567820Z",
      "stabilities": [
        "unstable"
      ],
      "unfree": false,
      "version": "24.13.0",
      "outputs_to_install": [
        "out"
      ],
      "outputs": {
        "dev": "/nix/store/hc7fav9y6ai53nqbbpjxprwnkakl1w2d-nodejs-24.13.0-dev",
        "libv8": "/nix/store/z7m56hl4rzdrfhnnkwig0ibzs1qz1x5d-nodejs-24.13.0-libv8",
        "out": "/nix/store/9cyx2v23dip6p9q98384k9v06c96qskb-nodejs-24.13.0"
      },
      "system": "x86_64-linux",
      "group": "toplevel",
      "priority": 5
    }
  ]
}
