{
  "lockfile-version": 1,
  "manifest": {
    "version": 1,
    "install": {
      "nodejs_22": {
        "pkg-path": "nodejs_22"
      }
    },
    "vars": {
      "CLICOLOR": "1",
      "FLOX_DISABLE_METRICS": "true",
      "FLX_VERBOSE": "${FLOX_VERBOSE:-}"
    },
    "hook": {
      "on-activate": "[[ ! -z \"${FLX_VERBOSE}\" ]] && echo \"##################################################\";\n[[ ! -z \"${FLX_VERBOSE}\" ]] && echo \"########## FLOX ACTIVATE...\";\n\n#alias lss='ls -alshF --color=auto'\nlss () {\n    command ls -alshF --color=auto \"$@\"\n}\n\n# PWD=$(pwd);\n# [[ ! -z \"${FLX_VERBOSE}\" ]] && echo \"-----> PWD: ${PWD}\";\n# unset PWD\n\n#FLOX_ENV_PROJECT\n#_FLOX_ENV_LOG_DIR\n#FLOX_CACHE_DIR=\"$(dirname ${FLOX_ENV_CACHE})\"\n#FLOX_CACHE_DIR=\"$(realpath ${FLOX_ENV_CACHE})\"\nFLOX_CACHE_DIR=\"${FLOX_ENV_CACHE}\"\n[[ ! -z \"${FLX_VERBOSE}\" ]] && echo \"-----> FLOX_CACHE_DIR: ${FLOX_CACHE_DIR}\";\n\nif [[ ! -z \"${FLX_VERBOSE}\" ]]; then\n\necho \"=====> NODE VERSION: $(node --version)\";\nWHICH_NODE=$(which node);\necho \".....> NODE WHICH: ${WHICH_NODE}\";\nlss \"${WHICH_NODE}\";\nunset WHICH_NODE\n\necho \"=====> NPM VERSION (init): $(npm --version)\";\nWHICH_NPM=$(which npm);\necho \".....> NPM WHICH: ${WHICH_NPM}\";\nlss \"${WHICH_NPM}\";\nunset WHICH_NPM\n\necho \"-----> NPM CONFIG PREFIX (init): $(npm config get prefix)\";\necho \"-----> NPM_CONFIG_PREFIX (init): ${NPM_CONFIG_PREFIX}\";\n\necho \"-----> NPM CONFIG CACHE (init): $(npm config get cache)\"\necho \"-----> NPM_CONFIG_CACHE (init): ${NPM_CONFIG_CACHE}\";\n\nfi\n\n# envName=\"${_FLOX_ACTIVE_ENVIRONMENTS##:*}\";\n#echo \"${envName}\";\n#export NPM_CONFIG_PREFIX=\"/tmp/${envName}-npm\";\n\nexport NPM_CONFIG_PREFIX=\"${FLOX_CACHE_DIR}/NPM_PREFIX\";\n#### rm -rf \"$NPM_CONFIG_PREFIX\";\nmkdir -p \"$NPM_CONFIG_PREFIX\";\nif [[ ! -z \"${FLX_VERBOSE}\" ]]; then\necho \"-----> NPM CONFIG PREFIX: $(npm config get prefix)\";\necho \"-----> NPM_CONFIG_PREFIX: ${NPM_CONFIG_PREFIX}\";\nlss \"$NPM_CONFIG_PREFIX\";\nlss \"$NPM_CONFIG_PREFIX/bin\";\nlss \"$NPM_CONFIG_PREFIX/lib\";\nlss \"$NPM_CONFIG_PREFIX/lib/node_modules\";\nfi\n\nexport NPM_CONFIG_CACHE=\"${FLOX_CACHE_DIR}/NPM_CACHE\";\n#### rm -rf \"$NPM_CONFIG_CACHE\";\nmkdir -p \"$NPM_CONFIG_CACHE\";\nif [[ ! -z \"${FLX_VERBOSE}\" ]]; then\necho \"-----> NPM CONFIG CACHE: $(npm config get cache)\"\necho \"-----> NPM_CONFIG_CACHE: ${NPM_CONFIG_CACHE}\";\nlss \"$NPM_CONFIG_CACHE\";\nfi\n\nunset FLOX_CACHE_DIR\n\n[[ ! -z \"${FLX_VERBOSE}\" ]] && echo \"-----> NODE_PATH (init): ${NODE_PATH}\";\nexport NODE_PATH=\"$NPM_CONFIG_PREFIX/lib/node_modules${NODE_PATH:+:$NODE_PATH}\";\n[[ ! -z \"${FLX_VERBOSE}\" ]] && echo \"-----> NODE_PATH: ${NODE_PATH}\";\n\n# export PATH=\"$NPM_CONFIG_PREFIX/bin:$PATH\";\n\nnpm install -g npm --foreground-scripts 1>/dev/null\nnpm install -g npm-check-updates --foreground-scripts 1>/dev/null\n# npm install -g @electron/asar --foreground-scripts 1>/dev/null\n"
    },
    "profile": {
      "common": "[[ ! -z \"${FLX_VERBOSE}\" ]] && echo \"##################################################\";\n[[ ! -z \"${FLX_VERBOSE}\" ]] && echo \"########## FLOX PROFILE COMMON (${SHELL})...\";\n\nexport PATH=\"$NPM_CONFIG_PREFIX/bin:$PATH\";\n\nalias lss='ls -alshF --color=auto'\nalias flx='flox activate'\nalias flxx='FLOX_VERBOSE=1 flox activate'\n\n# PWD=$(pwd);\n# [[ ! -z \"${FLX_VERBOSE}\" ]] && echo \"-----> PWD: ${PWD}\";\n# unset PWD\n\nif [[ ! -z \"${FLX_VERBOSE}\" ]]; then\n\necho \"=====> NODE VERSION: $(node --version)\";\nWHICH_NODE=$(which node);\necho \".....> NODE WHICH: ${WHICH_NODE}\";\nlss \"${WHICH_NODE}\";\nunset WHICH_NODE\n\necho \"=====> NPM VERSION: $(npm --version)\";\nWHICH_NPM=$(which npm);\necho \".....> NPM WHICH: ${WHICH_NPM}\";\nlss \"${WHICH_NPM}\";\nunset WHICH_NPM\n\necho \"-----> NPM CONFIG PREFIX: $(npm config get prefix)\";\necho \"-----> NPM_CONFIG_PREFIX: ${NPM_CONFIG_PREFIX}\";\n\necho \"-----> NPM CONFIG CACHE: $(npm config get cache)\"\necho \"-----> NPM_CONFIG_CACHE: ${NPM_CONFIG_CACHE}\";\n\necho \"=====> NCU VERSION: $(ncu --version)\";\nWHICH_NCU=$(which ncu);\necho \".....> NCU WHICH: ${WHICH_NCU}\";\nlss \"${WHICH_NCU}\";\nunset WHICH_NCU\n\necho \"=====> ASAR VERSION: $(asar --version)\";\nWHICH_ASAR=$(which asar);\necho \".....> ASAR WHICH: ${WHICH_ASAR}\";\nlss \"${WHICH_ASAR}\";\nunset WHICH_ASAR\n\necho \"=====> GIT VERSION: $(git --version)\";\nWHICH_GIT=$(which git);\necho \".....> GIT WHICH: ${WHICH_GIT}\";\nlss \"${WHICH_GIT}\";\nunset WHICH_GIT\n\nENV=$(env);\necho \"-----> ENV: ${ENV}\";\necho \"||||||||||||||||||||||||||\";\n\necho \"-----> APPLEID: ${APPLEID}\";\necho \"-----> APPLEIDTEAM: ${APPLEIDTEAM}\";\necho \"-----> APPLEIDPASS: ${APPLEIDPASS}\";\necho \"-----> SKIP_NOTARIZE: ${SKIP_NOTARIZE}\";\necho \"-----> CSC_NAME: ${CSC_NAME}\";\n\necho \"-----> DEBUG: ${DEBUG}\";\n\necho \"-----> USER: ${USER}\";\necho \"-----> USERNAME: ${USERNAME}\";\n\necho \"-----> NODE_ENV: ${NODE_ENV}\";\n\necho \"-----> THORIUM_OPDS_CATALOGS_URL: ${THORIUM_OPDS_CATALOGS_URL}\";\necho \"-----> THORIUM_OPEN_DEVTOOLS: ${THORIUM_OPEN_DEVTOOLS}\";\necho \"-----> LCP_SKIP_LSD: ${LCP_SKIP_LSD}\";\necho \"-----> SKIP_CHECK_TYPESCRIPT: ${SKIP_CHECK_TYPESCRIPT}\";\necho \"-----> USE_LEGACY_TYPESCRIPT_LOADER: ${USE_LEGACY_TYPESCRIPT_LOADER}\";\necho \"-----> THORIUM_TELEMETRY_SECRET: ${THORIUM_TELEMETRY_SECRET}\";\necho \"-----> THORIUM_TELEMETRY_URL: ${THORIUM_TELEMETRY_URL}\";\necho \"-----> PACKAGING: ${PACKAGING}\";\necho \"-----> GITHUB_TOKEN_RELEASE_PUBLISH: ${GITHUB_TOKEN_RELEASE_PUBLISH}\";\necho \"-----> VSCODE_LAUNCH: ${VSCODE_LAUNCH}\";\necho \"-----> PORT_APP: ${PORT_APP}\";\necho \"-----> PORT_READER: ${PORT_READER}\";\necho \"-----> PORT_PDF_WEBVIEW: ${PORT_PDF_WEBVIEW}\";\n\ngit branch\ngit status\n\nfi\n"
    },
    "options": {
      "systems": [
        "aarch64-darwin",
        "aarch64-linux",
        "x86_64-darwin",
        "x86_64-linux"
      ],
      "allow": {
        "licenses": []
      },
      "semver": {}
    }
  },
  "packages": [
    {
      "attr_path": "nodejs_22",
      "broken": false,
      "derivation": "/nix/store/0vf1qjh3y9f9f9z6w2rhj69xj3sjlcdq-nodejs-22.14.0.drv",
      "description": "Event-driven I/O framework for the V8 JavaScript engine",
      "install_id": "nodejs_22",
      "license": "MIT",
      "locked_url": "https://github.com/flox/nixpkgs?rev=b6eaf97c6960d97350c584de1b6dcff03c9daf42",
      "name": "nodejs-22.14.0",
      "pname": "nodejs_22",
      "rev": "b6eaf97c6960d97350c584de1b6dcff03c9daf42",
      "rev_count": 769969,
      "rev_date": "2025-03-18T09:06:34Z",
      "scrape_date": "2025-03-20T01:09:47.011888Z",
      "stabilities": [
        "unstable"
      ],
      "unfree": false,
      "version": "22.14.0",
      "outputs_to_install": [
        "out"
      ],
      "outputs": {
        "libv8": "/nix/store/q6xnd2kar3sh0jnwic7z2k0fm3450xrs-nodejs-22.14.0-libv8",
        "out": "/nix/store/gxr9abzyqmva25p3k142qs1djj9q5fqw-nodejs-22.14.0"
      },
      "system": "aarch64-darwin",
      "group": "toplevel",
      "priority": 5
    },
    {
      "attr_path": "nodejs_22",
      "broken": false,
      "derivation": "/nix/store/mv2wz78naj8v3vxzd394zjbczr49a3nq-nodejs-22.14.0.drv",
      "description": "Event-driven I/O framework for the V8 JavaScript engine",
      "install_id": "nodejs_22",
      "license": "MIT",
      "locked_url": "https://github.com/flox/nixpkgs?rev=b6eaf97c6960d97350c584de1b6dcff03c9daf42",
      "name": "nodejs-22.14.0",
      "pname": "nodejs_22",
      "rev": "b6eaf97c6960d97350c584de1b6dcff03c9daf42",
      "rev_count": 769969,
      "rev_date": "2025-03-18T09:06:34Z",
      "scrape_date": "2025-03-20T01:28:14.128240Z",
      "stabilities": [
        "unstable"
      ],
      "unfree": false,
      "version": "22.14.0",
      "outputs_to_install": [
        "out"
      ],
      "outputs": {
        "libv8": "/nix/store/5qv5cl1s9hjhyjhd4nmgndf1ccf3mc4r-nodejs-22.14.0-libv8",
        "out": "/nix/store/5baih13vgavgia3889wsvh4n4z0mkawd-nodejs-22.14.0"
      },
      "system": "aarch64-linux",
      "group": "toplevel",
      "priority": 5
    },
    {
      "attr_path": "nodejs_22",
      "broken": false,
      "derivation": "/nix/store/4cqnziwc9xm2cs9wa7f6hqbfk1p16pg3-nodejs-22.14.0.drv",
      "description": "Event-driven I/O framework for the V8 JavaScript engine",
      "install_id": "nodejs_22",
      "license": "MIT",
      "locked_url": "https://github.com/flox/nixpkgs?rev=b6eaf97c6960d97350c584de1b6dcff03c9daf42",
      "name": "nodejs-22.14.0",
      "pname": "nodejs_22",
      "rev": "b6eaf97c6960d97350c584de1b6dcff03c9daf42",
      "rev_count": 769969,
      "rev_date": "2025-03-18T09:06:34Z",
      "scrape_date": "2025-03-20T01:44:40.935075Z",
      "stabilities": [
        "unstable"
      ],
      "unfree": false,
      "version": "22.14.0",
      "outputs_to_install": [
        "out"
      ],
      "outputs": {
        "libv8": "/nix/store/jg0m7pq2hvqrkm1vx22sghqvc9vnn35h-nodejs-22.14.0-libv8",
        "out": "/nix/store/8b56xv3fa7v0w0kpr2yvkxq6cb2kknd0-nodejs-22.14.0"
      },
      "system": "x86_64-darwin",
      "group": "toplevel",
      "priority": 5
    },
    {
      "attr_path": "nodejs_22",
      "broken": false,
      "derivation": "/nix/store/355wccz7k0y4wz9y0fvp063xrfq3n1nc-nodejs-22.14.0.drv",
      "description": "Event-driven I/O framework for the V8 JavaScript engine",
      "install_id": "nodejs_22",
      "license": "MIT",
      "locked_url": "https://github.com/flox/nixpkgs?rev=b6eaf97c6960d97350c584de1b6dcff03c9daf42",
      "name": "nodejs-22.14.0",
      "pname": "nodejs_22",
      "rev": "b6eaf97c6960d97350c584de1b6dcff03c9daf42",
      "rev_count": 769969,
      "rev_date": "2025-03-18T09:06:34Z",
      "scrape_date": "2025-03-20T02:04:21.526421Z",
      "stabilities": [
        "unstable"
      ],
      "unfree": false,
      "version": "22.14.0",
      "outputs_to_install": [
        "out"
      ],
      "outputs": {
        "libv8": "/nix/store/hs3x57x6gw75sgwa081d3ir63rz7phmb-nodejs-22.14.0-libv8",
        "out": "/nix/store/87hsv7pc321h80j7223209nxc8vmabqb-nodejs-22.14.0"
      },
      "system": "x86_64-linux",
      "group": "toplevel",
      "priority": 5
    }
  ]
}